
Microsoft Visual Studio Solution File, Format Version 12.00
# Visual Studio Version 16
VisualStudioVersion = 16.0.30503.244
MinimumVisualStudioVersion = 10.0.40219.1
Project("{FAE04EC0-301F-11D3-BF4B-00C04F79EFBC}") = "Socialley.ConsoleApp", "Socialley.ConsoleApp\Socialley.ConsoleApp.csproj", "{EF01B3B4-2864-49DD-97DA-2DAC9101A5DD}"
EndProject
Project("{FAE04EC0-301F-11D3-BF4B-00C04F79EFBC}") = "Socialley.Data", "Socialley.Data\Socialley.Data.csproj", "{5CCEC081-7286-451C-A259-9051628A8FAB}"
EndProject
Project("{FAE04EC0-301F-11D3-BF4B-00C04F79EFBC}") = "Socialley.Common", "Socialley.Common\Socialley.Common.csproj", "{D2B8C438-FA2D-4130-8BF1-E58C503AB9A8}"
EndProject
Project("{FAE04EC0-301F-11D3-BF4B-00C04F79EFBC}") = "Socialley.Models", "Socialley.Models\Socialley.Models.csproj", "{664CC7ED-29AE-4D8C-BD67-334344FFDC4E}"
EndProject
Project("{FAE04EC0-301F-11D3-BF4B-00C04F79EFBC}") = "Socialley.Services", "Socialley.Services\Socialley.Services.csproj", "{BCA4920B-5BB6-4E91-B971-445080A89F33}"
EndProject
Global
	GlobalSection(SolutionConfigurationPlatforms) = preSolution
		Debug|Any CPU = Debug|Any CPU
		Release|Any CPU = Release|Any CPU
	EndGlobalSection
	GlobalSection(ProjectConfigurationPlatforms) = postSolution
		{EF01B3B4-2864-49DD-97DA-2DAC9101A5DD}.Debug|Any CPU.ActiveCfg = Debug|Any CPU
		{EF01B3B4-2864-49DD-97DA-2DAC9101A5DD}.Debug|Any CPU.Build.0 = Debug|Any CPU
		{EF01B3B4-2864-49DD-97DA-2DAC9101A5DD}.Release|Any CPU.ActiveCfg = Release|Any CPU
		{EF01B3B4-2864-49DD-97DA-2DAC9101A5DD}.Release|Any CPU.Build.0 = Release|Any CPU
		{5CCEC081-7286-451C-A259-9051628A8FAB}.Debug|Any CPU.ActiveCfg = Debug|Any CPU
		{5CCEC081-7286-451C-A259-9051628A8FAB}.Debug|Any CPU.Build.0 = Debug|Any CPU
		{5CCEC081-7286-451C-A259-9051628A8FAB}.Release|Any CPU.ActiveCfg = Release|Any CPU
		{5CCEC081-7286-451C-A259-9051628A8FAB}.Release|Any CPU.Build.0 = Release|Any CPU
		{D2B8C438-FA2D-4130-8BF1-E58C503AB9A8}.Debug|Any CPU.ActiveCfg = Debug|Any CPU
		{D2B8C438-FA2D-4130-8BF1-E58C503AB9A8}.Debug|Any CPU.Build.0 = Debug|Any CPU
		{D2B8C438-FA2D-4130-8BF1-E58C503AB9A8}.Release|Any CPU.ActiveCfg = Release|Any CPU
		{D2B8C438-FA2D-4130-8BF1-E58C503AB9A8}.Release|Any CPU.Build.0 = Release|Any CPU
		{664CC7ED-29AE-4D8C-BD67-334344FFDC4E}.Debug|Any CPU.ActiveCfg = Debug|Any CPU
		{664CC7ED-29AE-4D8C-BD67-334344FFDC4E}.Debug|Any CPU.Build.0 = Debug|Any CPU
		{664CC7ED-29AE-4D8C-BD67-334344FFDC4E}.Release|Any CPU.ActiveCfg = Release|Any CPU
		{664CC7ED-29AE-4D8C-BD67-334344FFDC4E}.Release|Any CPU.Build.0 = Release|Any CPU
		{BCA4920B-5BB6-4E91-B971-445080A89F33}.Debug|Any CPU.ActiveCfg = Debug|Any CPU
		{BCA4920B-5BB6-4E91-B971-445080A89F33}.Debug|Any CPU.Build.0 = Debug|Any CPU
		{BCA4920B-5BB6-4E91-B971-445080A89F33}.Release|Any CPU.ActiveCfg = Release|Any CPU
		{BCA4920B-5BB6-4E91-B971-445080A89F33}.Release|Any CPU.Build.0 = Release|Any CPU
	EndGlobalSection
	GlobalSection(SolutionProperties) = preSolution
		HideSolutionNode = FALSE
	EndGlobalSection
	GlobalSection(ExtensibilityGlobals) = postSolution
		SolutionGuid = {6F7DE57C-05D2-43AA-858F-EEC8EA4A8CE5}
	EndGlobalSection
EndGlobal
